// !$*UTF8*$!
{
	archiveVersion = 1;
	classes = {
	};
	objectVersion = 46;
	objects = {

/* Begin PBXBuildFile section */
		A3482F031EE6B8AA004A594A /* libCGAL_Core.12.0.0.dylib in Frameworks */ = {isa = PBXBuildFile; fileRef = A3482EFE1EE6B8AA004A594A /* libCGAL_Core.12.0.0.dylib */; };
		A3482F041EE6B8AA004A594A /* libCGAL.12.0.0.dylib in Frameworks */ = {isa = PBXBuildFile; fileRef = A3482EFF1EE6B8AA004A594A /* libCGAL.12.0.0.dylib */; };
		A3482F051EE6B8AA004A594A /* libboost_thread.dylib in Frameworks */ = {isa = PBXBuildFile; fileRef = A3482F001EE6B8AA004A594A /* libboost_thread.dylib */; };
		A3482F061EE6B8AA004A594A /* libmpfr.4.dylib in Frameworks */ = {isa = PBXBuildFile; fileRef = A3482F011EE6B8AA004A594A /* libmpfr.4.dylib */; };
		A3482F071EE6B8AA004A594A /* libgmp.10.dylib in Frameworks */ = {isa = PBXBuildFile; fileRef = A3482F021EE6B8AA004A594A /* libgmp.10.dylib */; };
		A3482F0A1EE6B8B8004A594A /* File.cpp in Sources */ = {isa = PBXBuildFile; fileRef = A3482F081EE6B8B8004A594A /* File.cpp */; };
		A391C51D1F8BAF51005EB681 /* cgal-plugin.bundle in CopyFiles */ = {isa = PBXBuildFile; fileRef = A3482EEC1EE6B646004A594A /* cgal-plugin.bundle */; };
/* End PBXBuildFile section */

/* Begin PBXCopyFilesBuildPhase section */
		A391C51C1F8BAF45005EB681 /* CopyFiles */ = {
			isa = PBXCopyFilesBuildPhase;
			buildActionMask = 12;
			dstPath = "/Users/barnabefaliu/OneDrive/Doctorat/Unity/Unity-CGAL/Assets/Plugins";
			dstSubfolderSpec = 0;
			files = (
				A391C51D1F8BAF51005EB681 /* cgal-plugin.bundle in CopyFiles */,
			);
			runOnlyForDeploymentPostprocessing = 0;
		};
/* End PBXCopyFilesBuildPhase section */

/* Begin PBXFileReference section */
		A3482EEC1EE6B646004A594A /* cgal-plugin.bundle */ = {isa = PBXFileReference; explicitFileType = wrapper.cfbundle; includeInIndex = 0; path = "cgal-plugin.bundle"; sourceTree = BUILT_PRODUCTS_DIR; };
		A3482EEF1EE6B646004A594A /* Info.plist */ = {isa = PBXFileReference; lastKnownFileType = text.plist.xml; name = Info.plist; path = "cgal-plugin/Info.plist"; sourceTree = "<group>"; };
		A3482EFE1EE6B8AA004A594A /* libCGAL_Core.12.0.0.dylib */ = {isa = PBXFileReference; lastKnownFileType = "compiled.mach-o.dylib"; name = libCGAL_Core.12.0.0.dylib; path = ../../../../../../../usr/local/lib/libCGAL_Core.12.0.0.dylib; sourceTree = "<group>"; };
		A3482EFF1EE6B8AA004A594A /* libCGAL.12.0.0.dylib */ = {isa = PBXFileReference; lastKnownFileType = "compiled.mach-o.dylib"; name = libCGAL.12.0.0.dylib; path = ../../../../../../../usr/local/lib/libCGAL.12.0.0.dylib; sourceTree = "<group>"; };
		A3482F001EE6B8AA004A594A /* libboost_thread.dylib */ = {isa = PBXFileReference; lastKnownFileType = "compiled.mach-o.dylib"; name = libboost_thread.dylib; path = ../../../../../../../usr/local/lib/libboost_thread.dylib; sourceTree = "<group>"; };
		A3482F011EE6B8AA004A594A /* libmpfr.4.dylib */ = {isa = PBXFileReference; lastKnownFileType = "compiled.mach-o.dylib"; name = libmpfr.4.dylib; path = ../../../../../../../usr/local/lib/libmpfr.4.dylib; sourceTree = "<group>"; };
		A3482F021EE6B8AA004A594A /* libgmp.10.dylib */ = {isa = PBXFileReference; lastKnownFileType = "compiled.mach-o.dylib"; name = libgmp.10.dylib; path = ../../../../../../../usr/local/lib/libgmp.10.dylib; sourceTree = "<group>"; };
		A3482F081EE6B8B8004A594A /* File.cpp */ = {isa = PBXFileReference; fileEncoding = 4; lastKnownFileType = sourcecode.cpp.cpp; path = File.cpp; sourceTree = "<group>"; };
		A3482F091EE6B8B8004A594A /* File.hpp */ = {isa = PBXFileReference; fileEncoding = 4; lastKnownFileType = sourcecode.cpp.h; path = File.hpp; sourceTree = "<group>"; };
/* End PBXFileReference section */

/* Begin PBXFrameworksBuildPhase section */
		A3482EE91EE6B646004A594A /* Frameworks */ = {
			isa = PBXFrameworksBuildPhase;
			buildActionMask = 2147483647;
			files = (
				A3482F031EE6B8AA004A594A /* libCGAL_Core.12.0.0.dylib in Frameworks */,
				A3482F051EE6B8AA004A594A /* libboost_thread.dylib in Frameworks */,
				A3482F041EE6B8AA004A594A /* libCGAL.12.0.0.dylib in Frameworks */,
				A3482F061EE6B8AA004A594A /* libmpfr.4.dylib in Frameworks */,
				A3482F071EE6B8AA004A594A /* libgmp.10.dylib in Frameworks */,
			);
			runOnlyForDeploymentPostprocessing = 0;
		};
/* End PBXFrameworksBuildPhase section */

/* Begin PBXGroup section */
		A3482EE31EE6B646004A594A = {
			isa = PBXGroup;
			children = (
				A3482EFC1EE6B80D004A594A /* Resources */,
				A3482EFB1EE6B807004A594A /* Source */,
				A3482EED1EE6B646004A594A /* Products */,
				A3482EFD1EE6B8A9004A594A /* Frameworks */,
			);
			sourceTree = "<group>";
		};
		A3482EED1EE6B646004A594A /* Products */ = {
			isa = PBXGroup;
			children = (
				A3482EEC1EE6B646004A594A /* cgal-plugin.bundle */,
			);
			name = Products;
			sourceTree = "<group>";
		};
		A3482EFB1EE6B807004A594A /* Source */ = {
			isa = PBXGroup;
			children = (
				A3482F081EE6B8B8004A594A /* File.cpp */,
				A3482F091EE6B8B8004A594A /* File.hpp */,
			);
			name = Source;
			sourceTree = "<group>";
		};
		A3482EFC1EE6B80D004A594A /* Resources */ = {
			isa = PBXGroup;
			children = (
				A3482EEF1EE6B646004A594A /* Info.plist */,
			);
			name = Resources;
			sourceTree = "<group>";
		};
		A3482EFD1EE6B8A9004A594A /* Frameworks */ = {
			isa = PBXGroup;
			children = (
				A3482EFE1EE6B8AA004A594A /* libCGAL_Core.12.0.0.dylib */,
				A3482EFF1EE6B8AA004A594A /* libCGAL.12.0.0.dylib */,
				A3482F001EE6B8AA004A594A /* libboost_thread.dylib */,
				A3482F011EE6B8AA004A594A /* libmpfr.4.dylib */,
				A3482F021EE6B8AA004A594A /* libgmp.10.dylib */,
			);
			name = Frameworks;
			sourceTree = "<group>";
		};
/* End PBXGroup section */

/* Begin PBXNativeTarget section */
		A3482EEB1EE6B646004A594A /* cgal-plugin */ = {
			isa = PBXNativeTarget;
			buildConfigurationList = A3482EF21EE6B646004A594A /* Build configuration list for PBXNativeTarget "cgal-plugin" */;
			buildPhases = (
				A3482EE81EE6B646004A594A /* Sources */,
				A3482EE91EE6B646004A594A /* Frameworks */,
				A3482EEA1EE6B646004A594A /* Resources */,
				A391C51C1F8BAF45005EB681 /* CopyFiles */,
			);
			buildRules = (
			);
			dependencies = (
			);
			name = "cgal-plugin";
			productName = "cgal-plugin";
			productReference = A3482EEC1EE6B646004A594A /* cgal-plugin.bundle */;
			productType = "com.apple.product-type.bundle";
		};
/* End PBXNativeTarget section */

/* Begin PBXProject section */
		A3482EE41EE6B646004A594A /* Project object */ = {
			isa = PBXProject;
			attributes = {
				LastUpgradeCheck = 0800;
				ORGANIZATIONNAME = "Barnabé Faliu";
				TargetAttributes = {
					A3482EEB1EE6B646004A594A = {
						CreatedOnToolsVersion = 8.0;
						ProvisioningStyle = Automatic;
					};
				};
			};
			buildConfigurationList = A3482EE71EE6B646004A594A /* Build configuration list for PBXProject "cgal-plugin" */;
			compatibilityVersion = "Xcode 3.2";
			developmentRegion = English;
			hasScannedForEncodings = 0;
			knownRegions = (
				en,
			);
			mainGroup = A3482EE31EE6B646004A594A;
			productRefGroup = A3482EED1EE6B646004A594A /* Products */;
			projectDirPath = "";
			projectRoot = "";
			targets = (
				A3482EEB1EE6B646004A594A /* cgal-plugin */,
			);
		};
/* End PBXProject section */

/* Begin PBXResourcesBuildPhase section */
		A3482EEA1EE6B646004A594A /* Resources */ = {
			isa = PBXResourcesBuildPhase;
			buildActionMask = 2147483647;
			files = (
			);
			runOnlyForDeploymentPostprocessing = 0;
		};
/* End PBXResourcesBuildPhase section */

/* Begin PBXSourcesBuildPhase section */
		A3482EE81EE6B646004A594A /* Sources */ = {
			isa = PBXSourcesBuildPhase;
			buildActionMask = 2147483647;
			files = (
				A3482F0A1EE6B8B8004A594A /* File.cpp in Sources */,
			);
			runOnlyForDeploymentPostprocessing = 0;
		};
/* End PBXSourcesBuildPhase section */

/* Begin XCBuildConfiguration section */
		A3482EF01EE6B646004A594A /* Debug */ = {
			isa = XCBuildConfiguration;
			buildSettings = {
				ALWAYS_SEARCH_USER_PATHS = NO;
				CLANG_ANALYZER_NONNULL = YES;
				CLANG_CXX_LANGUAGE_STANDARD = "gnu++0x";
				CLANG_CXX_LIBRARY = "libc++";
				CLANG_ENABLE_MODULES = YES;
				CLANG_ENABLE_OBJC_ARC = YES;
				CLANG_WARN_BOOL_CONVERSION = YES;
				CLANG_WARN_CONSTANT_CONVERSION = YES;
				CLANG_WARN_DIRECT_OBJC_ISA_USAGE = YES_ERROR;
				CLANG_WARN_DOCUMENTATION_COMMENTS = YES;
				CLANG_WARN_EMPTY_BODY = YES;
				CLANG_WARN_ENUM_CONVERSION = YES;
				CLANG_WARN_INFINITE_RECURSION = YES;
				CLANG_WARN_INT_CONVERSION = YES;
				CLANG_WARN_OBJC_ROOT_CLASS = YES_ERROR;
				CLANG_WARN_SUSPICIOUS_MOVES = YES;
				CLANG_WARN_UNREACHABLE_CODE = YES;
				CLANG_WARN__DUPLICATE_METHOD_MATCH = YES;
				CODE_SIGN_IDENTITY = "-";
				COPY_PHASE_STRIP = NO;
				DEBUG_INFORMATION_FORMAT = dwarf;
				ENABLE_STRICT_OBJC_MSGSEND = YES;
				ENABLE_TESTABILITY = YES;
				GCC_C_LANGUAGE_STANDARD = gnu99;
				GCC_DYNAMIC_NO_PIC = NO;
				GCC_NO_COMMON_BLOCKS = YES;
				GCC_OPTIMIZATION_LEVEL = 0;
				GCC_PREPROCESSOR_DEFINITIONS = (
					"DEBUG=1",
					"$(inherited)",
				);
				GCC_WARN_64_TO_32_BIT_CONVERSION = YES;
				GCC_WARN_ABOUT_RETURN_TYPE = YES_ERROR;
				GCC_WARN_UNDECLARED_SELECTOR = YES;
				GCC_WARN_UNINITIALIZED_AUTOS = YES_AGGRESSIVE;
				GCC_WARN_UNUSED_FUNCTION = YES;
				GCC_WARN_UNUSED_VARIABLE = YES;
				MACOSX_DEPLOYMENT_TARGET = 10.12;
				MTL_ENABLE_DEBUG_INFO = YES;
				ONLY_ACTIVE_ARCH = YES;
				SDKROOT = macosx;
			};
			name = Debug;
		};
		A3482EF11EE6B646004A594A /* Release */ = {
			isa = XCBuildConfiguration;
			buildSettings = {
				ALWAYS_SEARCH_USER_PATHS = NO;
				CLANG_ANALYZER_NONNULL = YES;
				CLANG_CXX_LANGUAGE_STANDARD = "gnu++0x";
				CLANG_CXX_LIBRARY = "libc++";
				CLANG_ENABLE_MODULES = YES;
				CLANG_ENABLE_OBJC_ARC = YES;
				CLANG_WARN_BOOL_CONVERSION = YES;
				CLANG_WARN_CONSTANT_CONVERSION = YES;
				CLANG_WARN_DIRECT_OBJC_ISA_USAGE = YES_ERROR;
				CLANG_WARN_DOCUMENTATION_COMMENTS = YES;
				CLANG_WARN_EMPTY_BODY = YES;
				CLANG_WARN_ENUM_CONVERSION = YES;
				CLANG_WARN_INFINITE_RECURSION = YES;
				CLANG_WARN_INT_CONVERSION = YES;
				CLANG_WARN_OBJC_ROOT_CLASS = YES_ERROR;
				CLANG_WARN_SUSPICIOUS_MOVES = YES;
				CLANG_WARN_UNREACHABLE_CODE = YES;
				CLANG_WARN__DUPLICATE_METHOD_MATCH = YES;
				CODE_SIGN_IDENTITY = "-";
				COPY_PHASE_STRIP = NO;
				DEBUG_INFORMATION_FORMAT = "dwarf-with-dsym";
				ENABLE_NS_ASSERTIONS = NO;
				ENABLE_STRICT_OBJC_MSGSEND = YES;
				GCC_C_LANGUAGE_STANDARD = gnu99;
				GCC_NO_COMMON_BLOCKS = YES;
				GCC_WARN_64_TO_32_BIT_CONVERSION = YES;
				GCC_WARN_ABOUT_RETURN_TYPE = YES_ERROR;
				GCC_WARN_UNDECLARED_SELECTOR = YES;
				GCC_WARN_UNINITIALIZED_AUTOS = YES_AGGRESSIVE;
				GCC_WARN_UNUSED_FUNCTION = YES;
				GCC_WARN_UNUSED_VARIABLE = YES;
				MACOSX_DEPLOYMENT_TARGET = 10.12;
				MTL_ENABLE_DEBUG_INFO = NO;
				SDKROOT = macosx;
			};
			name = Release;
		};
		A3482EF31EE6B646004A594A /* Debug */ = {
			isa = XCBuildConfiguration;
			buildSettings = {
				ALWAYS_SEARCH_USER_PATHS = YES;
				COMBINE_HIDPI_IMAGES = YES;
				FRAMEWORK_SEARCH_PATHS = "";
				GCC_WARN_64_TO_32_BIT_CONVERSION = NO;
				HEADER_SEARCH_PATHS = (
					/usr/local/include,
					/Users/barnabefaliu/OneDrive/Doctorat/Tools/eigen,
				);
				INFOPLIST_FILE = "cgal-plugin/Info.plist";
				INSTALL_PATH = "$(LOCAL_LIBRARY_DIR)/Bundles";
				LIBRARY_SEARCH_PATHS = /usr/local/lib;
				PRODUCT_BUNDLE_IDENTIFIER = "yncrea.cgal-plugin";
				PRODUCT_NAME = "$(TARGET_NAME)";
				SKIP_INSTALL = YES;
				USER_HEADER_SEARCH_PATHS = /usr/local/include;
				WRAPPER_EXTENSION = bundle;
			};
			name = Debug;
		};
		A3482EF41EE6B646004A594A /* Release */ = {
			isa = XCBuildConfiguration;
			buildSettings = {
				ALWAYS_SEARCH_USER_PATHS = YES;
				COMBINE_HIDPI_IMAGES = YES;
				FRAMEWORK_SEARCH_PATHS = "";
				GCC_WARN_64_TO_32_BIT_CONVERSION = NO;
				HEADER_SEARCH_PATHS = (
					/usr/local/include,
					/Users/barnabefaliu/OneDrive/Doctorat/Tools/eigen,
				);
				INFOPLIST_FILE = "cgal-plugin/Info.plist";
				INSTALL_PATH = "$(LOCAL_LIBRARY_DIR)/Bundles";
				LIBRARY_SEARCH_PATHS = /usr/local/lib;
				PRODUCT_BUNDLE_IDENTIFIER = "yncrea.cgal-plugin";
				PRODUCT_NAME = "$(TARGET_NAME)";
				SKIP_INSTALL = YES;
				USER_HEADER_SEARCH_PATHS = /usr/local/include;
				WRAPPER_EXTENSION = bundle;
			};
			name = Release;
		};
/* End XCBuildConfiguration section */

/* Begin XCConfigurationList section */
		A3482EE71EE6B646004A594A /* Build configuration list for PBXProject "cgal-plugin" */ = {
			isa = XCConfigurationList;
			buildConfigurations = (
				A3482EF01EE6B646004A594A /* Debug */,
				A3482EF11EE6B646004A594A /* Release */,
			);
			defaultConfigurationIsVisible = 0;
			defaultConfigurationName = Release;
		};
		A3482EF21EE6B646004A594A /* Build configuration list for PBXNativeTarget "cgal-plugin" */ = {
			isa = XCConfigurationList;
			buildConfigurations = (
				A3482EF31EE6B646004A594A /* Debug */,
				A3482EF41EE6B646004A594A /* Release */,
			);
			defaultConfigurationIsVisible = 0;
			defaultConfigurationName = Release;
		};
/* End XCConfigurationList section */
	};
	rootObject = A3482EE41EE6B646004A594A /* Project object */;
}
